
Microsoft Visual Studio Solution File, Format Version 12.00
# Visual Studio Version 17
VisualStudioVersion = 17.0.31903.59
MinimumVisualStudioVersion = 10.0.40219.1
Project("{FAE04EC0-301F-11D3-BF4B-00C04F79EFBC}") = "test", "test\test.csproj", "{B889E948-9877-4377-9DCE-A7CB4F19C559}"
EndProject
Global
	GlobalSection(SolutionConfigurationPlatforms) = preSolution
		Debug|Any CPU = Debug|Any CPU
		Release|Any CPU = Release|Any CPU
	EndGlobalSection
	GlobalSection(SolutionProperties) = preSolution
		HideSolutionNode = FALSE
	EndGlobalSection
	GlobalSection(ProjectConfigurationPlatforms) = postSolution
		{B889E948-9877-4377-9DCE-A7CB4F19C559}.Debug|Any CPU.ActiveCfg = Debug|Any CPU
		{B889E948-9877-4377-9DCE-A7CB4F19C559}.Debug|Any CPU.Build.0 = Debug|Any CPU
		{B889E948-9877-4377-9DCE-A7CB4F19C559}.Release|Any CPU.ActiveCfg = Release|Any CPU
		{B889E948-9877-4377-9DCE-A7CB4F19C559}.Release|Any CPU.Build.0 = Release|Any CPU
	EndGlobalSection
EndGlobal
